// !$*UTF8*$!
{
	archiveVersion = 1;
	classes = {
	};
	objectVersion = 52;
	objects = {

/* Begin PBXBuildFile section */
		69861B1024AE944000703CE7 /* AppDelegate.swift in Sources */ = {isa = PBXBuildFile; fileRef = 69861B0F24AE944000703CE7 /* AppDelegate.swift */; };
		69861B1224AE944000703CE7 /* SceneDelegate.swift in Sources */ = {isa = PBXBuildFile; fileRef = 69861B1124AE944000703CE7 /* SceneDelegate.swift */; };
		69861B1424AE944000703CE7 /* ContentView.swift in Sources */ = {isa = PBXBuildFile; fileRef = 69861B1324AE944000703CE7 /* ContentView.swift */; };
		69861B1624AE944100703CE7 /* Assets.xcassets in Resources */ = {isa = PBXBuildFile; fileRef = 69861B1524AE944100703CE7 /* Assets.xcassets */; };
		69861B1924AE944100703CE7 /* Preview Assets.xcassets in Resources */ = {isa = PBXBuildFile; fileRef = 69861B1824AE944100703CE7 /* Preview Assets.xcassets */; };
		69861B1C24AE944100703CE7 /* LaunchScreen.storyboard in Resources */ = {isa = PBXBuildFile; fileRef = 69861B1A24AE944100703CE7 /* LaunchScreen.storyboard */; };
		69861B2424AE953C00703CE7 /* AppState.swift in Sources */ = {isa = PBXBuildFile; fileRef = 69861B2324AE953C00703CE7 /* AppState.swift */; };
		69861B2624AE9F6500703CE7 /* ProfileView.swift in Sources */ = {isa = PBXBuildFile; fileRef = 69861B2524AE9F6500703CE7 /* ProfileView.swift */; };
		69F12D6D24AFC821004C516F /* SDWebImageSwiftUI in Frameworks */ = {isa = PBXBuildFile; productRef = 69F12D6C24AFC821004C516F /* SDWebImageSwiftUI */; };
		69F12D6F24AFCBFA004C516F /* ListItem.swift in Sources */ = {isa = PBXBuildFile; fileRef = 69F12D6E24AFCBFA004C516F /* ListItem.swift */; };
		69F12D7124AFD476004C516F /* OpenInSafari.swift in Sources */ = {isa = PBXBuildFile; fileRef = 69F12D7024AFD476004C516F /* OpenInSafari.swift */; };
/* End PBXBuildFile section */

/* Begin PBXFileReference section */
		69861B0C24AE944000703CE7 /* GitHubGetter.app */ = {isa = PBXFileReference; explicitFileType = wrapper.application; includeInIndex = 0; path = GitHubGetter.app; sourceTree = BUILT_PRODUCTS_DIR; };
		69861B0F24AE944000703CE7 /* AppDelegate.swift */ = {isa = PBXFileReference; lastKnownFileType = sourcecode.swift; path = AppDelegate.swift; sourceTree = "<group>"; };
		69861B1124AE944000703CE7 /* SceneDelegate.swift */ = {isa = PBXFileReference; lastKnownFileType = sourcecode.swift; path = SceneDelegate.swift; sourceTree = "<group>"; };
		69861B1324AE944000703CE7 /* ContentView.swift */ = {isa = PBXFileReference; lastKnownFileType = sourcecode.swift; path = ContentView.swift; sourceTree = "<group>"; };
		69861B1524AE944100703CE7 /* Assets.xcassets */ = {isa = PBXFileReference; lastKnownFileType = folder.assetcatalog; path = Assets.xcassets; sourceTree = "<group>"; };
		69861B1824AE944100703CE7 /* Preview Assets.xcassets */ = {isa = PBXFileReference; lastKnownFileType = folder.assetcatalog; path = "Preview Assets.xcassets"; sourceTree = "<group>"; };
		69861B1B24AE944100703CE7 /* Base */ = {isa = PBXFileReference; lastKnownFileType = file.storyboard; name = Base; path = Base.lproj/LaunchScreen.storyboard; sourceTree = "<group>"; };
		69861B1D24AE944100703CE7 /* Info.plist */ = {isa = PBXFileReference; lastKnownFileType = text.plist.xml; path = Info.plist; sourceTree = "<group>"; };
		69861B2324AE953C00703CE7 /* AppState.swift */ = {isa = PBXFileReference; lastKnownFileType = sourcecode.swift; path = AppState.swift; sourceTree = "<group>"; };
		69861B2524AE9F6500703CE7 /* ProfileView.swift */ = {isa = PBXFileReference; lastKnownFileType = sourcecode.swift; path = ProfileView.swift; sourceTree = "<group>"; };
		69F12D6E24AFCBFA004C516F /* ListItem.swift */ = {isa = PBXFileReference; lastKnownFileType = sourcecode.swift; path = ListItem.swift; sourceTree = "<group>"; };
		69F12D7024AFD476004C516F /* OpenInSafari.swift */ = {isa = PBXFileReference; lastKnownFileType = sourcecode.swift; path = OpenInSafari.swift; sourceTree = "<group>"; };
/* End PBXFileReference section */

/* Begin PBXFrameworksBuildPhase section */
		69861B0924AE944000703CE7 /* Frameworks */ = {
			isa = PBXFrameworksBuildPhase;
			buildActionMask = 2147483647;
			files = (
				69F12D6D24AFC821004C516F /* SDWebImageSwiftUI in Frameworks */,
			);
			runOnlyForDeploymentPostprocessing = 0;
		};
/* End PBXFrameworksBuildPhase section */

/* Begin PBXGroup section */
		69861B0324AE944000703CE7 = {
			isa = PBXGroup;
			children = (
				69861B0E24AE944000703CE7 /* GitHubGetter */,
				69861B0D24AE944000703CE7 /* Products */,
			);
			sourceTree = "<group>";
		};
		69861B0D24AE944000703CE7 /* Products */ = {
			isa = PBXGroup;
			children = (
				69861B0C24AE944000703CE7 /* GitHubGetter.app */,
			);
			name = Products;
			sourceTree = "<group>";
		};
		69861B0E24AE944000703CE7 /* GitHubGetter */ = {
			isa = PBXGroup;
			children = (
				69861B2324AE953C00703CE7 /* AppState.swift */,
				69861B0F24AE944000703CE7 /* AppDelegate.swift */,
				69861B1124AE944000703CE7 /* SceneDelegate.swift */,
				69861B1324AE944000703CE7 /* ContentView.swift */,
				69861B1524AE944100703CE7 /* Assets.xcassets */,
				69861B1A24AE944100703CE7 /* LaunchScreen.storyboard */,
				69861B1D24AE944100703CE7 /* Info.plist */,
				69861B1724AE944100703CE7 /* Preview Content */,
				69861B2524AE9F6500703CE7 /* ProfileView.swift */,
				69F12D6E24AFCBFA004C516F /* ListItem.swift */,
				69F12D7024AFD476004C516F /* OpenInSafari.swift */,
			);
			path = GitHubGetter;
			sourceTree = "<group>";
		};
		69861B1724AE944100703CE7 /* Preview Content */ = {
			isa = PBXGroup;
			children = (
				69861B1824AE944100703CE7 /* Preview Assets.xcassets */,
			);
			path = "Preview Content";
			sourceTree = "<group>";
		};
/* End PBXGroup section */

/* Begin PBXNativeTarget section */
		69861B0B24AE944000703CE7 /* GitHubGetter */ = {
			isa = PBXNativeTarget;
			buildConfigurationList = 69861B2024AE944100703CE7 /* Build configuration list for PBXNativeTarget "GitHubGetter" */;
			buildPhases = (
				69861B0824AE944000703CE7 /* Sources */,
				69861B0924AE944000703CE7 /* Frameworks */,
				69861B0A24AE944000703CE7 /* Resources */,
			);
			buildRules = (
			);
			dependencies = (
			);
			name = GitHubGetter;
			packageProductDependencies = (
				69F12D6C24AFC821004C516F /* SDWebImageSwiftUI */,
			);
			productName = GitHubGetter;
			productReference = 69861B0C24AE944000703CE7 /* GitHubGetter.app */;
			productType = "com.apple.product-type.application";
		};
/* End PBXNativeTarget section */

/* Begin PBXProject section */
		69861B0424AE944000703CE7 /* Project object */ = {
			isa = PBXProject;
			attributes = {
				LastSwiftUpdateCheck = 1150;
				LastUpgradeCheck = 1150;
				ORGANIZATIONNAME = iamtheyammer;
				TargetAttributes = {
					69861B0B24AE944000703CE7 = {
						CreatedOnToolsVersion = 11.5;
					};
				};
			};
			buildConfigurationList = 69861B0724AE944000703CE7 /* Build configuration list for PBXProject "GitHubGetter" */;
			compatibilityVersion = "Xcode 9.3";
			developmentRegion = en;
			hasScannedForEncodings = 0;
			knownRegions = (
				en,
				Base,
			);
			mainGroup = 69861B0324AE944000703CE7;
			packageReferences = (
				69F12D6B24AFC821004C516F /* XCRemoteSwiftPackageReference "SDWebImageSwiftUI" */,
			);
			productRefGroup = 69861B0D24AE944000703CE7 /* Products */;
			projectDirPath = "";
			projectRoot = "";
			targets = (
				69861B0B24AE944000703CE7 /* GitHubGetter */,
			);
		};
/* End PBXProject section */

/* Begin PBXResourcesBuildPhase section */
		69861B0A24AE944000703CE7 /* Resources */ = {
			isa = PBXResourcesBuildPhase;
			buildActionMask = 2147483647;
			files = (
				69861B1C24AE944100703CE7 /* LaunchScreen.storyboard in Resources */,
				69861B1924AE944100703CE7 /* Preview Assets.xcassets in Resources */,
				69861B1624AE944100703CE7 /* Assets.xcassets in Resources */,
			);
			runOnlyForDeploymentPostprocessing = 0;
		};
/* End PBXResourcesBuildPhase section */

/* Begin PBXSourcesBuildPhase section */
		69861B0824AE944000703CE7 /* Sources */ = {
			isa = PBXSourcesBuildPhase;
			buildActionMask = 2147483647;
			files = (
				69F12D6F24AFCBFA004C516F /* ListItem.swift in Sources */,
				69861B2624AE9F6500703CE7 /* ProfileView.swift in Sources */,
				69861B1024AE944000703CE7 /* AppDelegate.swift in Sources */,
				69861B1224AE944000703CE7 /* SceneDelegate.swift in Sources */,
				69861B1424AE944000703CE7 /* ContentView.swift in Sources */,
				69861B2424AE953C00703CE7 /* AppState.swift in Sources */,
				69F12D7124AFD476004C516F /* OpenInSafari.swift in Sources */,
			);
			runOnlyForDeploymentPostprocessing = 0;
		};
/* End PBXSourcesBuildPhase section */

/* Begin PBXVariantGroup section */
		69861B1A24AE944100703CE7 /* LaunchScreen.storyboard */ = {
			isa = PBXVariantGroup;
			children = (
				69861B1B24AE944100703CE7 /* Base */,
			);
			name = LaunchScreen.storyboard;
			sourceTree = "<group>";
		};
/* End PBXVariantGroup section */

/* Begin XCBuildConfiguration section */
		69861B1E24AE944100703CE7 /* Debug */ = {
			isa = XCBuildConfiguration;
			buildSettings = {
				ALWAYS_SEARCH_USER_PATHS = NO;
				CLANG_ANALYZER_NONNULL = YES;
				CLANG_ANALYZER_NUMBER_OBJECT_CONVERSION = YES_AGGRESSIVE;
				CLANG_CXX_LANGUAGE_STANDARD = "gnu++14";
				CLANG_CXX_LIBRARY = "libc++";
				CLANG_ENABLE_MODULES = YES;
				CLANG_ENABLE_OBJC_ARC = YES;
				CLANG_ENABLE_OBJC_WEAK = YES;
				CLANG_WARN_BLOCK_CAPTURE_AUTORELEASING = YES;
				CLANG_WARN_BOOL_CONVERSION = YES;
				CLANG_WARN_COMMA = YES;
				CLANG_WARN_CONSTANT_CONVERSION = YES;
				CLANG_WARN_DEPRECATED_OBJC_IMPLEMENTATIONS = YES;
				CLANG_WARN_DIRECT_OBJC_ISA_USAGE = YES_ERROR;
				CLANG_WARN_DOCUMENTATION_COMMENTS = YES;
				CLANG_WARN_EMPTY_BODY = YES;
				CLANG_WARN_ENUM_CONVERSION = YES;
				CLANG_WARN_INFINITE_RECURSION = YES;
				CLANG_WARN_INT_CONVERSION = YES;
				CLANG_WARN_NON_LITERAL_NULL_CONVERSION = YES;
				CLANG_WARN_OBJC_IMPLICIT_RETAIN_SELF = YES;
				CLANG_WARN_OBJC_LITERAL_CONVERSION = YES;
				CLANG_WARN_OBJC_ROOT_CLASS = YES_ERROR;
				CLANG_WARN_RANGE_LOOP_ANALYSIS = YES;
				CLANG_WARN_STRICT_PROTOTYPES = YES;
				CLANG_WARN_SUSPICIOUS_MOVE = YES;
				CLANG_WARN_UNGUARDED_AVAILABILITY = YES_AGGRESSIVE;
				CLANG_WARN_UNREACHABLE_CODE = YES;
				CLANG_WARN__DUPLICATE_METHOD_MATCH = YES;
				COPY_PHASE_STRIP = NO;
				DEBUG_INFORMATION_FORMAT = dwarf;
				ENABLE_STRICT_OBJC_MSGSEND = YES;
				ENABLE_TESTABILITY = YES;
				GCC_C_LANGUAGE_STANDARD = gnu11;
				GCC_DYNAMIC_NO_PIC = NO;
				GCC_NO_COMMON_BLOCKS = YES;
				GCC_OPTIMIZATION_LEVEL = 0;
				GCC_PREPROCESSOR_DEFINITIONS = (
					"DEBUG=1",
					"$(inherited)",
				);
				GCC_WARN_64_TO_32_BIT_CONVERSION = YES;
				GCC_WARN_ABOUT_RETURN_TYPE = YES_ERROR;
				GCC_WARN_UNDECLARED_SELECTOR = YES;
				GCC_WARN_UNINITIALIZED_AUTOS = YES_AGGRESSIVE;
				GCC_WARN_UNUSED_FUNCTION = YES;
				GCC_WARN_UNUSED_VARIABLE = YES;
				IPHONEOS_DEPLOYMENT_TARGET = 13.5;
				MTL_ENABLE_DEBUG_INFO = INCLUDE_SOURCE;
				MTL_FAST_MATH = YES;
				ONLY_ACTIVE_ARCH = YES;
				SDKROOT = iphoneos;
				SWIFT_ACTIVE_COMPILATION_CONDITIONS = DEBUG;
				SWIFT_OPTIMIZATION_LEVEL = "-Onone";
			};
			name = Debug;
		};
		69861B1F24AE944100703CE7 /* Release */ = {
			isa = XCBuildConfiguration;
			buildSettings = {
				ALWAYS_SEARCH_USER_PATHS = NO;
				CLANG_ANALYZER_NONNULL = YES;
				CLANG_ANALYZER_NUMBER_OBJECT_CONVERSION = YES_AGGRESSIVE;
				CLANG_CXX_LANGUAGE_STANDARD = "gnu++14";
				CLANG_CXX_LIBRARY = "libc++";
				CLANG_ENABLE_MODULES = YES;
				CLANG_ENABLE_OBJC_ARC = YES;
				CLANG_ENABLE_OBJC_WEAK = YES;
				CLANG_WARN_BLOCK_CAPTURE_AUTORELEASING = YES;
				CLANG_WARN_BOOL_CONVERSION = YES;
				CLANG_WARN_COMMA = YES;
				CLANG_WARN_CONSTANT_CONVERSION = YES;
				CLANG_WARN_DEPRECATED_OBJC_IMPLEMENTATIONS = YES;
				CLANG_WARN_DIRECT_OBJC_ISA_USAGE = YES_ERROR;
				CLANG_WARN_DOCUMENTATION_COMMENTS = YES;
				CLANG_WARN_EMPTY_BODY = YES;
				CLANG_WARN_ENUM_CONVERSION = YES;
				CLANG_WARN_INFINITE_RECURSION = YES;
				CLANG_WARN_INT_CONVERSION = YES;
				CLANG_WARN_NON_LITERAL_NULL_CONVERSION = YES;
				CLANG_WARN_OBJC_IMPLICIT_RETAIN_SELF = YES;
				CLANG_WARN_OBJC_LITERAL_CONVERSION = YES;
				CLANG_WARN_OBJC_ROOT_CLASS = YES_ERROR;
				CLANG_WARN_RANGE_LOOP_ANALYSIS = YES;
				CLANG_WARN_STRICT_PROTOTYPES = YES;
				CLANG_WARN_SUSPICIOUS_MOVE = YES;
				CLANG_WARN_UNGUARDED_AVAILABILITY = YES_AGGRESSIVE;
				CLANG_WARN_UNREACHABLE_CODE = YES;
				CLANG_WARN__DUPLICATE_METHOD_MATCH = YES;
				COPY_PHASE_STRIP = NO;
				DEBUG_INFORMATION_FORMAT = "dwarf-with-dsym";
				ENABLE_NS_ASSERTIONS = NO;
				ENABLE_STRICT_OBJC_MSGSEND = YES;
				GCC_C_LANGUAGE_STANDARD = gnu11;
				GCC_NO_COMMON_BLOCKS = YES;
				GCC_WARN_64_TO_32_BIT_CONVERSION = YES;
				GCC_WARN_ABOUT_RETURN_TYPE = YES_ERROR;
				GCC_WARN_UNDECLARED_SELECTOR = YES;
				GCC_WARN_UNINITIALIZED_AUTOS = YES_AGGRESSIVE;
				GCC_WARN_UNUSED_FUNCTION = YES;
				GCC_WARN_UNUSED_VARIABLE = YES;
				IPHONEOS_DEPLOYMENT_TARGET = 13.5;
				MTL_ENABLE_DEBUG_INFO = NO;
				MTL_FAST_MATH = YES;
				SDKROOT = iphoneos;
				SWIFT_COMPILATION_MODE = wholemodule;
				SWIFT_OPTIMIZATION_LEVEL = "-O";
				VALIDATE_PRODUCT = YES;
			};
			name = Release;
		};
		69861B2124AE944100703CE7 /* Debug */ = {
			isa = XCBuildConfiguration;
			buildSettings = {
				ASSETCATALOG_COMPILER_APPICON_NAME = AppIcon;
				CODE_SIGN_STYLE = Automatic;
				DEVELOPMENT_ASSET_PATHS = "\"GitHubGetter/Preview Content\"";
				DEVELOPMENT_TEAM = V5V62Z5WMT;
				ENABLE_PREVIEWS = YES;
				INFOPLIST_FILE = GitHubGetter/Info.plist;
				LD_RUNPATH_SEARCH_PATHS = (
					"$(inherited)",
					"@executable_path/Frameworks",
				);
				PRODUCT_BUNDLE_IDENTIFIER = com.iamtheyammer.GitHubGetter;
				PRODUCT_NAME = "$(TARGET_NAME)";
				SWIFT_VERSION = 5.0;
				TARGETED_DEVICE_FAMILY = "1,2";
			};
			name = Debug;
		};
		69861B2224AE944100703CE7 /* Release */ = {
			isa = XCBuildConfiguration;
			buildSettings = {
				ASSETCATALOG_COMPILER_APPICON_NAME = AppIcon;
				CODE_SIGN_STYLE = Automatic;
				DEVELOPMENT_ASSET_PATHS = "\"GitHubGetter/Preview Content\"";
				DEVELOPMENT_TEAM = V5V62Z5WMT;
				ENABLE_PREVIEWS = YES;
				INFOPLIST_FILE = GitHubGetter/Info.plist;
				LD_RUNPATH_SEARCH_PATHS = (
					"$(inherited)",
					"@executable_path/Frameworks",
				);
				PRODUCT_BUNDLE_IDENTIFIER = com.iamtheyammer.GitHubGetter;
				PRODUCT_NAME = "$(TARGET_NAME)";
				SWIFT_VERSION = 5.0;
				TARGETED_DEVICE_FAMILY = "1,2";
			};
			name = Release;
		};
/* End XCBuildConfiguration section */

/* Begin XCConfigurationList section */
		69861B0724AE944000703CE7 /* Build configuration list for PBXProject "GitHubGetter" */ = {
			isa = XCConfigurationList;
			buildConfigurations = (
				69861B1E24AE944100703CE7 /* Debug */,
				69861B1F24AE944100703CE7 /* Release */,
			);
			defaultConfigurationIsVisible = 0;
			defaultConfigurationName = Release;
		};
		69861B2024AE944100703CE7 /* Build configuration list for PBXNativeTarget "GitHubGetter" */ = {
			isa = XCConfigurationList;
			buildConfigurations = (
				69861B2124AE944100703CE7 /* Debug */,
				69861B2224AE944100703CE7 /* Release */,
			);
			defaultConfigurationIsVisible = 0;
			defaultConfigurationName = Release;
		};
/* End XCConfigurationList section */

/* Begin XCRemoteSwiftPackageReference section */
		69F12D6B24AFC821004C516F /* XCRemoteSwiftPackageReference "SDWebImageSwiftUI" */ = {
			isa = XCRemoteSwiftPackageReference;
			repositoryURL = "https://github.com/SDWebImage/SDWebImageSwiftUI.git";
			requirement = {
				kind = upToNextMajorVersion;
				minimumVersion = 1.5.0;
			};
		};
/* End XCRemoteSwiftPackageReference section */

/* Begin XCSwiftPackageProductDependency section */
		69F12D6C24AFC821004C516F /* SDWebImageSwiftUI */ = {
			isa = XCSwiftPackageProductDependency;
			package = 69F12D6B24AFC821004C516F /* XCRemoteSwiftPackageReference "SDWebImageSwiftUI" */;
			productName = SDWebImageSwiftUI;
		};
/* End XCSwiftPackageProductDependency section */
	};
	rootObject = 69861B0424AE944000703CE7 /* Project object */;
}
